
Microsoft Visual Studio Solution File, Format Version 12.00
# Visual Studio Version 17
VisualStudioVersion = 17.14.36623.8
MinimumVisualStudioVersion = 10.0.40219.1
Project("{FAE04EC0-301F-11D3-BF4B-00C04F79EFBC}") = "FireCs", "FireCs.csproj", "{B13B8131-0F64-E424-C67C-9A3A03F8BF18}"
EndProject
Project("{2150E333-8FDC-42A3-9474-1A3956D46DE8}") = "src", "src", "{02EA681E-C7D8-13C7-8484-4AC65E1B71E8}"
EndProject
Global
	GlobalSection(SolutionConfigurationPlatforms) = preSolution
		Debug|Any CPU = Debug|Any CPU
		Release|Any CPU = Release|Any CPU
	EndGlobalSection
	GlobalSection(ProjectConfigurationPlatforms) = postSolution
		{B13B8131-0F64-E424-C67C-9A3A03F8BF18}.Debug|Any CPU.ActiveCfg = Debug|Any CPU
		{B13B8131-0F64-E424-C67C-9A3A03F8BF18}.Debug|Any CPU.Build.0 = Debug|Any CPU
		{B13B8131-0F64-E424-C67C-9A3A03F8BF18}.Release|Any CPU.ActiveCfg = Release|Any CPU
		{B13B8131-0F64-E424-C67C-9A3A03F8BF18}.Release|Any CPU.Build.0 = Release|Any CPU
	EndGlobalSection
	GlobalSection(SolutionProperties) = preSolution
		HideSolutionNode = FALSE
	EndGlobalSection
	GlobalSection(NestedProjects) = preSolution
		{B13B8131-0F64-E424-C67C-9A3A03F8BF18} = {02EA681E-C7D8-13C7-8484-4AC65E1B71E8}
	EndGlobalSection
	GlobalSection(ExtensibilityGlobals) = postSolution
		SolutionGuid = {7D63B3C4-6287-48C2-81C6-C851A22D28E2}
	EndGlobalSection
EndGlobal
